
Microsoft Visual Studio Solution File, Format Version 12.00
# Visual Studio Version 17
VisualStudioVersion = 17.9.34714.143
MinimumVisualStudioVersion = 10.0.40219.1
Project("{FAE04EC0-301F-11D3-BF4B-00C04F79EFBC}") = "LogAnalyzer.WebAPI", "src\LogAnalyzer.WebAPI\LogAnalyzer.WebAPI.csproj", "{D142AF41-156C-4F4E-991C-9537145EE590}"
EndProject
Project("{FAE04EC0-301F-11D3-BF4B-00C04F79EFBC}") = "LogAnalyzer.Infrastructure.LogFilterService", "src\LogAnalyzer.Infrastructure.LogFilterService\LogAnalyzer.Infrastructure.LogFilterService.csproj", "{A5F81A53-5847-46B1-B8A0-5C7A5C15E26C}"
EndProject
Project("{FAE04EC0-301F-11D3-BF4B-00C04F79EFBC}") = "LogAnalyzer.Infrastructure.LogFileReaderService", "src\LogAnalyzer.Infrastructure.LogFileReaderService\LogAnalyzer.Infrastructure.LogFileReaderService.csproj", "{CFFD9C88-EAF9-46BD-A0E5-6E8C33711C89}"
EndProject
Project("{FAE04EC0-301F-11D3-BF4B-00C04F79EFBC}") = "LogAnalyzer.Infrastructure.DataEntityFramework", "src\LogAnalyzer.Infrastructure.DataEntityFramework\LogAnalyzer.Infrastructure.DataEntityFramework.csproj", "{EA5ED27A-49B3-4133-AEC4-818DD5EBB07F}"
EndProject
Project("{FAE04EC0-301F-11D3-BF4B-00C04F79EFBC}") = "LogAnalyzer.Domain", "src\LogAnalyzer.Domain\LogAnalyzer.Domain.csproj", "{03C65426-5F61-4CBE-BFD3-CD29C6DE360E}"
EndProject
Global
	GlobalSection(SolutionConfigurationPlatforms) = preSolution
		Debug|Any CPU = Debug|Any CPU
		Release|Any CPU = Release|Any CPU
	EndGlobalSection
	GlobalSection(ProjectConfigurationPlatforms) = postSolution
		{D142AF41-156C-4F4E-991C-9537145EE590}.Debug|Any CPU.ActiveCfg = Debug|Any CPU
		{D142AF41-156C-4F4E-991C-9537145EE590}.Debug|Any CPU.Build.0 = Debug|Any CPU
		{D142AF41-156C-4F4E-991C-9537145EE590}.Release|Any CPU.ActiveCfg = Release|Any CPU
		{D142AF41-156C-4F4E-991C-9537145EE590}.Release|Any CPU.Build.0 = Release|Any CPU
		{A5F81A53-5847-46B1-B8A0-5C7A5C15E26C}.Debug|Any CPU.ActiveCfg = Debug|Any CPU
		{A5F81A53-5847-46B1-B8A0-5C7A5C15E26C}.Debug|Any CPU.Build.0 = Debug|Any CPU
		{A5F81A53-5847-46B1-B8A0-5C7A5C15E26C}.Release|Any CPU.ActiveCfg = Release|Any CPU
		{A5F81A53-5847-46B1-B8A0-5C7A5C15E26C}.Release|Any CPU.Build.0 = Release|Any CPU
		{CFFD9C88-EAF9-46BD-A0E5-6E8C33711C89}.Debug|Any CPU.ActiveCfg = Debug|Any CPU
		{CFFD9C88-EAF9-46BD-A0E5-6E8C33711C89}.Debug|Any CPU.Build.0 = Debug|Any CPU
		{CFFD9C88-EAF9-46BD-A0E5-6E8C33711C89}.Release|Any CPU.ActiveCfg = Release|Any CPU
		{CFFD9C88-EAF9-46BD-A0E5-6E8C33711C89}.Release|Any CPU.Build.0 = Release|Any CPU
		{EA5ED27A-49B3-4133-AEC4-818DD5EBB07F}.Debug|Any CPU.ActiveCfg = Debug|Any CPU
		{EA5ED27A-49B3-4133-AEC4-818DD5EBB07F}.Debug|Any CPU.Build.0 = Debug|Any CPU
		{EA5ED27A-49B3-4133-AEC4-818DD5EBB07F}.Release|Any CPU.ActiveCfg = Release|Any CPU
		{EA5ED27A-49B3-4133-AEC4-818DD5EBB07F}.Release|Any CPU.Build.0 = Release|Any CPU
		{03C65426-5F61-4CBE-BFD3-CD29C6DE360E}.Debug|Any CPU.ActiveCfg = Debug|Any CPU
		{03C65426-5F61-4CBE-BFD3-CD29C6DE360E}.Debug|Any CPU.Build.0 = Debug|Any CPU
		{03C65426-5F61-4CBE-BFD3-CD29C6DE360E}.Release|Any CPU.ActiveCfg = Release|Any CPU
		{03C65426-5F61-4CBE-BFD3-CD29C6DE360E}.Release|Any CPU.Build.0 = Release|Any CPU
	EndGlobalSection
	GlobalSection(SolutionProperties) = preSolution
		HideSolutionNode = FALSE
	EndGlobalSection
	GlobalSection(ExtensibilityGlobals) = postSolution
		SolutionGuid = {0C3CCDA0-A3F6-4163-B515-AB5D17FD2C57}
	EndGlobalSection
EndGlobal
